// !$*UTF8*$!
{
	archiveVersion = 1;
	classes = {
	};
	objectVersion = 46;
	objects = {

/* Begin PBXBuildFile section */
		2C32801B1C4FE4A00062FAA2 /* main.m in Sources */ = {isa = PBXBuildFile; fileRef = 2C32801A1C4FE4A00062FAA2 /* main.m */; };
		2C32801E1C4FE4A00062FAA2 /* AppDelegate.m in Sources */ = {isa = PBXBuildFile; fileRef = 2C32801D1C4FE4A00062FAA2 /* AppDelegate.m */; };
		2C3280261C4FE4A00062FAA2 /* Images.xcassets in Resources */ = {isa = PBXBuildFile; fileRef = 2C3280251C4FE4A00062FAA2 /* Images.xcassets */; };
		2C3280291C4FE4A00062FAA2 /* LaunchScreen.xib in Resources */ = {isa = PBXBuildFile; fileRef = 2C3280271C4FE4A00062FAA2 /* LaunchScreen.xib */; };
		2C3280351C4FE4A00062FAA2 /* BluetoothConnectorTests.m in Sources */ = {isa = PBXBuildFile; fileRef = 2C3280341C4FE4A00062FAA2 /* BluetoothConnectorTests.m */; };
		2C3281A11C504F6E0062FAA2 /* .gitignore in Resources */ = {isa = PBXBuildFile; fileRef = 2C32809D1C504F6E0062FAA2 /* .gitignore */; };
		2C3281A21C504F6E0062FAA2 /* BLE.m in Sources */ = {isa = PBXBuildFile; fileRef = 2C3280A11C504F6E0062FAA2 /* BLE.m */; };
		2C3282411C504FE10062FAA2 /* SHHomeViewController.m in Sources */ = {isa = PBXBuildFile; fileRef = 2C32823F1C504FE10062FAA2 /* SHHomeViewController.m */; };
		2C3282421C504FE10062FAA2 /* SHHomeViewController.xib in Resources */ = {isa = PBXBuildFile; fileRef = 2C3282401C504FE10062FAA2 /* SHHomeViewController.xib */; };
		2C9BD8021C582ABA005E0DAE /* SimpleTableCell.xib in Resources */ = {isa = PBXBuildFile; fileRef = 2C9BD8011C582ABA005E0DAE /* SimpleTableCell.xib */; };
		2C9BD8051C5831CE005E0DAE /* SimpleTableViewCell.m in Sources */ = {isa = PBXBuildFile; fileRef = 2C9BD8041C5831CE005E0DAE /* SimpleTableViewCell.m */; };
		2CD0CE881C592A5B006D25D6 /* SHDetailsViewController.m in Sources */ = {isa = PBXBuildFile; fileRef = 2CD0CE861C592A5B006D25D6 /* SHDetailsViewController.m */; };
		2CD0CE891C592A5B006D25D6 /* SHDetailsViewController.xib in Resources */ = {isa = PBXBuildFile; fileRef = 2CD0CE871C592A5B006D25D6 /* SHDetailsViewController.xib */; };
/* End PBXBuildFile section */

/* Begin PBXContainerItemProxy section */
		2C32802F1C4FE4A00062FAA2 /* PBXContainerItemProxy */ = {
			isa = PBXContainerItemProxy;
			containerPortal = 2C32800D1C4FE4A00062FAA2 /* Project object */;
			proxyType = 1;
			remoteGlobalIDString = 2C3280141C4FE4A00062FAA2;
			remoteInfo = BluetoothConnector;
		};
/* End PBXContainerItemProxy section */

/* Begin PBXFileReference section */
		2C3280151C4FE4A00062FAA2 /* BluetoothConnector.app */ = {isa = PBXFileReference; explicitFileType = wrapper.application; includeInIndex = 0; path = BluetoothConnector.app; sourceTree = BUILT_PRODUCTS_DIR; };
		2C3280191C4FE4A00062FAA2 /* Info.plist */ = {isa = PBXFileReference; lastKnownFileType = text.plist.xml; path = Info.plist; sourceTree = "<group>"; };
		2C32801A1C4FE4A00062FAA2 /* main.m */ = {isa = PBXFileReference; lastKnownFileType = sourcecode.c.objc; path = main.m; sourceTree = "<group>"; };
		2C32801C1C4FE4A00062FAA2 /* AppDelegate.h */ = {isa = PBXFileReference; lastKnownFileType = sourcecode.c.h; path = AppDelegate.h; sourceTree = "<group>"; };
		2C32801D1C4FE4A00062FAA2 /* AppDelegate.m */ = {isa = PBXFileReference; lastKnownFileType = sourcecode.c.objc; path = AppDelegate.m; sourceTree = "<group>"; };
		2C3280251C4FE4A00062FAA2 /* Images.xcassets */ = {isa = PBXFileReference; lastKnownFileType = folder.assetcatalog; path = Images.xcassets; sourceTree = "<group>"; };
		2C3280281C4FE4A00062FAA2 /* Base */ = {isa = PBXFileReference; lastKnownFileType = file.xib; name = Base; path = Base.lproj/LaunchScreen.xib; sourceTree = "<group>"; };
		2C32802E1C4FE4A00062FAA2 /* BluetoothConnectorTests.xctest */ = {isa = PBXFileReference; explicitFileType = wrapper.cfbundle; includeInIndex = 0; path = BluetoothConnectorTests.xctest; sourceTree = BUILT_PRODUCTS_DIR; };
		2C3280331C4FE4A00062FAA2 /* Info.plist */ = {isa = PBXFileReference; lastKnownFileType = text.plist.xml; path = Info.plist; sourceTree = "<group>"; };
		2C3280341C4FE4A00062FAA2 /* BluetoothConnectorTests.m */ = {isa = PBXFileReference; lastKnownFileType = sourcecode.c.objc; path = BluetoothConnectorTests.m; sourceTree = "<group>"; };
		2C32809D1C504F6E0062FAA2 /* .gitignore */ = {isa = PBXFileReference; fileEncoding = 4; lastKnownFileType = text; path = .gitignore; sourceTree = "<group>"; };
		2C3280A01C504F6E0062FAA2 /* BLE.h */ = {isa = PBXFileReference; fileEncoding = 4; lastKnownFileType = sourcecode.c.h; path = BLE.h; sourceTree = "<group>"; };
		2C3280A11C504F6E0062FAA2 /* BLE.m */ = {isa = PBXFileReference; fileEncoding = 4; lastKnownFileType = sourcecode.c.objc; path = BLE.m; sourceTree = "<group>"; };
		2C3280A31C504F6E0062FAA2 /* BLEDefines.h */ = {isa = PBXFileReference; fileEncoding = 4; lastKnownFileType = sourcecode.c.h; path = BLEDefines.h; sourceTree = "<group>"; };
		2C32823E1C504FE10062FAA2 /* SHHomeViewController.h */ = {isa = PBXFileReference; fileEncoding = 4; lastKnownFileType = sourcecode.c.h; path = SHHomeViewController.h; sourceTree = "<group>"; };
		2C32823F1C504FE10062FAA2 /* SHHomeViewController.m */ = {isa = PBXFileReference; fileEncoding = 4; lastKnownFileType = sourcecode.c.objc; path = SHHomeViewController.m; sourceTree = "<group>"; };
		2C3282401C504FE10062FAA2 /* SHHomeViewController.xib */ = {isa = PBXFileReference; fileEncoding = 4; lastKnownFileType = file.xib; path = SHHomeViewController.xib; sourceTree = "<group>"; };
		2C9BD8011C582ABA005E0DAE /* SimpleTableCell.xib */ = {isa = PBXFileReference; fileEncoding = 4; lastKnownFileType = file.xib; path = SimpleTableCell.xib; sourceTree = "<group>"; };
		2C9BD8031C5831CE005E0DAE /* SimpleTableViewCell.h */ = {isa = PBXFileReference; fileEncoding = 4; lastKnownFileType = sourcecode.c.h; path = SimpleTableViewCell.h; sourceTree = "<group>"; };
		2C9BD8041C5831CE005E0DAE /* SimpleTableViewCell.m */ = {isa = PBXFileReference; fileEncoding = 4; lastKnownFileType = sourcecode.c.objc; path = SimpleTableViewCell.m; sourceTree = "<group>"; };
		2CD0CE851C592A5B006D25D6 /* SHDetailsViewController.h */ = {isa = PBXFileReference; fileEncoding = 4; lastKnownFileType = sourcecode.c.h; path = SHDetailsViewController.h; sourceTree = "<group>"; };
		2CD0CE861C592A5B006D25D6 /* SHDetailsViewController.m */ = {isa = PBXFileReference; fileEncoding = 4; lastKnownFileType = sourcecode.c.objc; path = SHDetailsViewController.m; sourceTree = "<group>"; };
		2CD0CE871C592A5B006D25D6 /* SHDetailsViewController.xib */ = {isa = PBXFileReference; fileEncoding = 4; lastKnownFileType = file.xib; path = SHDetailsViewController.xib; sourceTree = "<group>"; };
/* End PBXFileReference section */

/* Begin PBXFrameworksBuildPhase section */
		2C3280121C4FE4A00062FAA2 /* Frameworks */ = {
			isa = PBXFrameworksBuildPhase;
			buildActionMask = 2147483647;
			files = (
			);
			runOnlyForDeploymentPostprocessing = 0;
		};
		2C32802B1C4FE4A00062FAA2 /* Frameworks */ = {
			isa = PBXFrameworksBuildPhase;
			buildActionMask = 2147483647;
			files = (
			);
			runOnlyForDeploymentPostprocessing = 0;
		};
/* End PBXFrameworksBuildPhase section */

/* Begin PBXGroup section */
		2C32800C1C4FE4A00062FAA2 = {
			isa = PBXGroup;
			children = (
				2C32809C1C504F6E0062FAA2 /* IOSBle-RedBear */,
				2C3280171C4FE4A00062FAA2 /* BluetoothConnector */,
				2C3280311C4FE4A00062FAA2 /* BluetoothConnectorTests */,
				2C3280161C4FE4A00062FAA2 /* Products */,
			);
			sourceTree = "<group>";
		};
		2C3280161C4FE4A00062FAA2 /* Products */ = {
			isa = PBXGroup;
			children = (
				2C3280151C4FE4A00062FAA2 /* BluetoothConnector.app */,
				2C32802E1C4FE4A00062FAA2 /* BluetoothConnectorTests.xctest */,
			);
			name = Products;
			sourceTree = "<group>";
		};
		2C3280171C4FE4A00062FAA2 /* BluetoothConnector */ = {
			isa = PBXGroup;
			children = (
				2C32801C1C4FE4A00062FAA2 /* AppDelegate.h */,
				2C32801D1C4FE4A00062FAA2 /* AppDelegate.m */,
				2C3280251C4FE4A00062FAA2 /* Images.xcassets */,
				2C3280271C4FE4A00062FAA2 /* LaunchScreen.xib */,
				2C32823E1C504FE10062FAA2 /* SHHomeViewController.h */,
				2C32823F1C504FE10062FAA2 /* SHHomeViewController.m */,
				2C3282401C504FE10062FAA2 /* SHHomeViewController.xib */,
				2CD0CE851C592A5B006D25D6 /* SHDetailsViewController.h */,
				2CD0CE861C592A5B006D25D6 /* SHDetailsViewController.m */,
				2CD0CE871C592A5B006D25D6 /* SHDetailsViewController.xib */,
				2C9BD8011C582ABA005E0DAE /* SimpleTableCell.xib */,
				2C9BD8031C5831CE005E0DAE /* SimpleTableViewCell.h */,
				2C9BD8041C5831CE005E0DAE /* SimpleTableViewCell.m */,
				2C3280181C4FE4A00062FAA2 /* Supporting Files */,
			);
			path = BluetoothConnector;
			sourceTree = "<group>";
		};
		2C3280181C4FE4A00062FAA2 /* Supporting Files */ = {
			isa = PBXGroup;
			children = (
				2C3280191C4FE4A00062FAA2 /* Info.plist */,
				2C32801A1C4FE4A00062FAA2 /* main.m */,
			);
			name = "Supporting Files";
			sourceTree = "<group>";
		};
		2C3280311C4FE4A00062FAA2 /* BluetoothConnectorTests */ = {
			isa = PBXGroup;
			children = (
				2C3280341C4FE4A00062FAA2 /* BluetoothConnectorTests.m */,
				2C3280321C4FE4A00062FAA2 /* Supporting Files */,
			);
			path = BluetoothConnectorTests;
			sourceTree = "<group>";
		};
		2C3280321C4FE4A00062FAA2 /* Supporting Files */ = {
			isa = PBXGroup;
			children = (
				2C3280331C4FE4A00062FAA2 /* Info.plist */,
			);
			name = "Supporting Files";
			sourceTree = "<group>";
		};
		2C32809C1C504F6E0062FAA2 /* IOSBle-RedBear */ = {
			isa = PBXGroup;
			children = (
				2C32809D1C504F6E0062FAA2 /* .gitignore */,
				2C32809E1C504F6E0062FAA2 /* BLEFramework */,
			);
			path = "IOSBle-RedBear";
			sourceTree = "<group>";
		};
		2C32809E1C504F6E0062FAA2 /* BLEFramework */ = {
			isa = PBXGroup;
			children = (
				2C32809F1C504F6E0062FAA2 /* BLE */,
			);
			path = BLEFramework;
			sourceTree = "<group>";
		};
		2C32809F1C504F6E0062FAA2 /* BLE */ = {
			isa = PBXGroup;
			children = (
				2C3280A01C504F6E0062FAA2 /* BLE.h */,
				2C3280A11C504F6E0062FAA2 /* BLE.m */,
				2C3280A31C504F6E0062FAA2 /* BLEDefines.h */,
			);
			path = BLE;
			sourceTree = "<group>";
		};
/* End PBXGroup section */

/* Begin PBXNativeTarget section */
		2C3280141C4FE4A00062FAA2 /* BluetoothConnector */ = {
			isa = PBXNativeTarget;
			buildConfigurationList = 2C3280381C4FE4A00062FAA2 /* Build configuration list for PBXNativeTarget "BluetoothConnector" */;
			buildPhases = (
				2C3280111C4FE4A00062FAA2 /* Sources */,
				2C3280121C4FE4A00062FAA2 /* Frameworks */,
				2C3280131C4FE4A00062FAA2 /* Resources */,
			);
			buildRules = (
			);
			dependencies = (
			);
			name = BluetoothConnector;
			productName = BluetoothConnector;
			productReference = 2C3280151C4FE4A00062FAA2 /* BluetoothConnector.app */;
			productType = "com.apple.product-type.application";
		};
		2C32802D1C4FE4A00062FAA2 /* BluetoothConnectorTests */ = {
			isa = PBXNativeTarget;
			buildConfigurationList = 2C32803B1C4FE4A00062FAA2 /* Build configuration list for PBXNativeTarget "BluetoothConnectorTests" */;
			buildPhases = (
				2C32802A1C4FE4A00062FAA2 /* Sources */,
				2C32802B1C4FE4A00062FAA2 /* Frameworks */,
				2C32802C1C4FE4A00062FAA2 /* Resources */,
			);
			buildRules = (
			);
			dependencies = (
				2C3280301C4FE4A00062FAA2 /* PBXTargetDependency */,
			);
			name = BluetoothConnectorTests;
			productName = BluetoothConnectorTests;
			productReference = 2C32802E1C4FE4A00062FAA2 /* BluetoothConnectorTests.xctest */;
			productType = "com.apple.product-type.bundle.unit-test";
		};
/* End PBXNativeTarget section */

/* Begin PBXProject section */
		2C32800D1C4FE4A00062FAA2 /* Project object */ = {
			isa = PBXProject;
			attributes = {
				LastSwiftUpdateCheck = 0720;
				LastUpgradeCheck = 0720;
				ORGANIZATIONNAME = me.shemana;
				TargetAttributes = {
					2C3280141C4FE4A00062FAA2 = {
						CreatedOnToolsVersion = 6.4;
						DevelopmentTeam = D4GMNKX6R5;
					};
					2C32802D1C4FE4A00062FAA2 = {
						CreatedOnToolsVersion = 6.4;
						TestTargetID = 2C3280141C4FE4A00062FAA2;
					};
				};
			};
			buildConfigurationList = 2C3280101C4FE4A00062FAA2 /* Build configuration list for PBXProject "BluetoothConnector" */;
			compatibilityVersion = "Xcode 3.2";
			developmentRegion = English;
			hasScannedForEncodings = 0;
			knownRegions = (
				en,
				Base,
			);
			mainGroup = 2C32800C1C4FE4A00062FAA2;
			productRefGroup = 2C3280161C4FE4A00062FAA2 /* Products */;
			projectDirPath = "";
			projectRoot = "";
			targets = (
				2C3280141C4FE4A00062FAA2 /* BluetoothConnector */,
				2C32802D1C4FE4A00062FAA2 /* BluetoothConnectorTests */,
			);
		};
/* End PBXProject section */

/* Begin PBXResourcesBuildPhase section */
		2C3280131C4FE4A00062FAA2 /* Resources */ = {
			isa = PBXResourcesBuildPhase;
			buildActionMask = 2147483647;
			files = (
				2C3282421C504FE10062FAA2 /* SHHomeViewController.xib in Resources */,
				2C9BD8021C582ABA005E0DAE /* SimpleTableCell.xib in Resources */,
				2C3281A11C504F6E0062FAA2 /* .gitignore in Resources */,
				2C3280291C4FE4A00062FAA2 /* LaunchScreen.xib in Resources */,
				2CD0CE891C592A5B006D25D6 /* SHDetailsViewController.xib in Resources */,
				2C3280261C4FE4A00062FAA2 /* Images.xcassets in Resources */,
			);
			runOnlyForDeploymentPostprocessing = 0;
		};
		2C32802C1C4FE4A00062FAA2 /* Resources */ = {
			isa = PBXResourcesBuildPhase;
			buildActionMask = 2147483647;
			files = (
			);
			runOnlyForDeploymentPostprocessing = 0;
		};
/* End PBXResourcesBuildPhase section */

/* Begin PBXSourcesBuildPhase section */
		2C3280111C4FE4A00062FAA2 /* Sources */ = {
			isa = PBXSourcesBuildPhase;
			buildActionMask = 2147483647;
			files = (
				2C3282411C504FE10062FAA2 /* SHHomeViewController.m in Sources */,
				2C9BD8051C5831CE005E0DAE /* SimpleTableViewCell.m in Sources */,
				2CD0CE881C592A5B006D25D6 /* SHDetailsViewController.m in Sources */,
				2C32801E1C4FE4A00062FAA2 /* AppDelegate.m in Sources */,
				2C32801B1C4FE4A00062FAA2 /* main.m in Sources */,
				2C3281A21C504F6E0062FAA2 /* BLE.m in Sources */,
			);
			runOnlyForDeploymentPostprocessing = 0;
		};
		2C32802A1C4FE4A00062FAA2 /* Sources */ = {
			isa = PBXSourcesBuildPhase;
			buildActionMask = 2147483647;
			files = (
				2C3280351C4FE4A00062FAA2 /* BluetoothConnectorTests.m in Sources */,
			);
			runOnlyForDeploymentPostprocessing = 0;
		};
/* End PBXSourcesBuildPhase section */

/* Begin PBXTargetDependency section */
		2C3280301C4FE4A00062FAA2 /* PBXTargetDependency */ = {
			isa = PBXTargetDependency;
			target = 2C3280141C4FE4A00062FAA2 /* BluetoothConnector */;
			targetProxy = 2C32802F1C4FE4A00062FAA2 /* PBXContainerItemProxy */;
		};
/* End PBXTargetDependency section */

/* Begin PBXVariantGroup section */
		2C3280271C4FE4A00062FAA2 /* LaunchScreen.xib */ = {
			isa = PBXVariantGroup;
			children = (
				2C3280281C4FE4A00062FAA2 /* Base */,
			);
			name = LaunchScreen.xib;
			sourceTree = "<group>";
		};
/* End PBXVariantGroup section */

/* Begin XCBuildConfiguration section */
		2C3280361C4FE4A00062FAA2 /* Debug */ = {
			isa = XCBuildConfiguration;
			buildSettings = {
				ALWAYS_SEARCH_USER_PATHS = NO;
				CLANG_CXX_LANGUAGE_STANDARD = "gnu++0x";
				CLANG_CXX_LIBRARY = "libc++";
				CLANG_ENABLE_MODULES = YES;
				CLANG_ENABLE_OBJC_ARC = YES;
				CLANG_WARN_BOOL_CONVERSION = YES;
				CLANG_WARN_CONSTANT_CONVERSION = YES;
				CLANG_WARN_DIRECT_OBJC_ISA_USAGE = YES_ERROR;
				CLANG_WARN_EMPTY_BODY = YES;
				CLANG_WARN_ENUM_CONVERSION = YES;
				CLANG_WARN_INT_CONVERSION = YES;
				CLANG_WARN_OBJC_ROOT_CLASS = YES_ERROR;
				CLANG_WARN_UNREACHABLE_CODE = YES;
				CLANG_WARN__DUPLICATE_METHOD_MATCH = YES;
				"CODE_SIGN_IDENTITY[sdk=iphoneos*]" = "iPhone Developer";
				COPY_PHASE_STRIP = NO;
				DEBUG_INFORMATION_FORMAT = "dwarf-with-dsym";
				ENABLE_STRICT_OBJC_MSGSEND = YES;
				ENABLE_TESTABILITY = YES;
				GCC_C_LANGUAGE_STANDARD = gnu99;
				GCC_DYNAMIC_NO_PIC = NO;
				GCC_NO_COMMON_BLOCKS = YES;
				GCC_OPTIMIZATION_LEVEL = 0;
				GCC_PREPROCESSOR_DEFINITIONS = (
					"DEBUG=1",
					"$(inherited)",
				);
				GCC_SYMBOLS_PRIVATE_EXTERN = NO;
				GCC_WARN_64_TO_32_BIT_CONVERSION = YES;
				GCC_WARN_ABOUT_RETURN_TYPE = YES_ERROR;
				GCC_WARN_UNDECLARED_SELECTOR = YES;
				GCC_WARN_UNINITIALIZED_AUTOS = YES_AGGRESSIVE;
				GCC_WARN_UNUSED_FUNCTION = YES;
				GCC_WARN_UNUSED_VARIABLE = YES;
				IPHONEOS_DEPLOYMENT_TARGET = 8.4;
				MTL_ENABLE_DEBUG_INFO = YES;
				ONLY_ACTIVE_ARCH = YES;
				SDKROOT = iphoneos;
			};
			name = Debug;
		};
		2C3280371C4FE4A00062FAA2 /* Release */ = {
			isa = XCBuildConfiguration;
			buildSettings = {
				ALWAYS_SEARCH_USER_PATHS = NO;
				CLANG_CXX_LANGUAGE_STANDARD = "gnu++0x";
				CLANG_CXX_LIBRARY = "libc++";
				CLANG_ENABLE_MODULES = YES;
				CLANG_ENABLE_OBJC_ARC = YES;
				CLANG_WARN_BOOL_CONVERSION = YES;
				CLANG_WARN_CONSTANT_CONVERSION = YES;
				CLANG_WARN_DIRECT_OBJC_ISA_USAGE = YES_ERROR;
				CLANG_WARN_EMPTY_BODY = YES;
				CLANG_WARN_ENUM_CONVERSION = YES;
				CLANG_WARN_INT_CONVERSION = YES;
				CLANG_WARN_OBJC_ROOT_CLASS = YES_ERROR;
				CLANG_WARN_UNREACHABLE_CODE = YES;
				CLANG_WARN__DUPLICATE_METHOD_MATCH = YES;
				"CODE_SIGN_IDENTITY[sdk=iphoneos*]" = "iPhone Developer";
				COPY_PHASE_STRIP = NO;
				DEBUG_INFORMATION_FORMAT = "dwarf-with-dsym";
				ENABLE_NS_ASSERTIONS = NO;
				ENABLE_STRICT_OBJC_MSGSEND = YES;
				GCC_C_LANGUAGE_STANDARD = gnu99;
				GCC_NO_COMMON_BLOCKS = YES;
				GCC_WARN_64_TO_32_BIT_CONVERSION = YES;
				GCC_WARN_ABOUT_RETURN_TYPE = YES_ERROR;
				GCC_WARN_UNDECLARED_SELECTOR = YES;
				GCC_WARN_UNINITIALIZED_AUTOS = YES_AGGRESSIVE;
				GCC_WARN_UNUSED_FUNCTION = YES;
				GCC_WARN_UNUSED_VARIABLE = YES;
				IPHONEOS_DEPLOYMENT_TARGET = 8.4;
				MTL_ENABLE_DEBUG_INFO = NO;
				SDKROOT = iphoneos;
				VALIDATE_PRODUCT = YES;
			};
			name = Release;
		};
		2C3280391C4FE4A00062FAA2 /* Debug */ = {
			isa = XCBuildConfiguration;
			buildSettings = {
				ASSETCATALOG_COMPILER_APPICON_NAME = AppIcon;
				CODE_SIGN_IDENTITY = "iPhone Developer";
				"CODE_SIGN_IDENTITY[sdk=iphoneos*]" = "iPhone Developer";
				INFOPLIST_FILE = BluetoothConnector/Info.plist;
				LD_RUNPATH_SEARCH_PATHS = "$(inherited) @executable_path/Frameworks";
				PRODUCT_BUNDLE_IDENTIFIER = "me.shemana.$(PRODUCT_NAME:rfc1034identifier)";
				PRODUCT_NAME = "$(TARGET_NAME)";
				PROVISIONING_PROFILE = "";
			};
			name = Debug;
		};
		2C32803A1C4FE4A00062FAA2 /* Release */ = {
			isa = XCBuildConfiguration;
			buildSettings = {
				ASSETCATALOG_COMPILER_APPICON_NAME = AppIcon;
				CODE_SIGN_IDENTITY = "iPhone Developer";
				"CODE_SIGN_IDENTITY[sdk=iphoneos*]" = "iPhone Developer";
				INFOPLIST_FILE = BluetoothConnector/Info.plist;
				LD_RUNPATH_SEARCH_PATHS = "$(inherited) @executable_path/Frameworks";
				PRODUCT_BUNDLE_IDENTIFIER = "me.shemana.$(PRODUCT_NAME:rfc1034identifier)";
				PRODUCT_NAME = "$(TARGET_NAME)";
				PROVISIONING_PROFILE = "";
			};
			name = Release;
		};
		2C32803C1C4FE4A00062FAA2 /* Debug */ = {
			isa = XCBuildConfiguration;
			buildSettings = {
				BUNDLE_LOADER = "$(TEST_HOST)";
				FRAMEWORK_SEARCH_PATHS = (
					"$(SDKROOT)/Developer/Library/Frameworks",
					"$(inherited)",
				);
				GCC_PREPROCESSOR_DEFINITIONS = (
					"DEBUG=1",
					"$(inherited)",
				);
				INFOPLIST_FILE = BluetoothConnectorTests/Info.plist;
				LD_RUNPATH_SEARCH_PATHS = "$(inherited) @executable_path/Frameworks @loader_path/Frameworks";
				PRODUCT_BUNDLE_IDENTIFIER = "me.shemana.$(PRODUCT_NAME:rfc1034identifier)";
				PRODUCT_NAME = "$(TARGET_NAME)";
				TEST_HOST = "$(BUILT_PRODUCTS_DIR)/BluetoothConnector.app/BluetoothConnector";
			};
			name = Debug;
		};
		2C32803D1C4FE4A00062FAA2 /* Release */ = {
			isa = XCBuildConfiguration;
			buildSettings = {
				BUNDLE_LOADER = "$(TEST_HOST)";
				FRAMEWORK_SEARCH_PATHS = (
					"$(SDKROOT)/Developer/Library/Frameworks",
					"$(inherited)",
				);
				INFOPLIST_FILE = BluetoothConnectorTests/Info.plist;
				LD_RUNPATH_SEARCH_PATHS = "$(inherited) @executable_path/Frameworks @loader_path/Frameworks";
				PRODUCT_BUNDLE_IDENTIFIER = "me.shemana.$(PRODUCT_NAME:rfc1034identifier)";
				PRODUCT_NAME = "$(TARGET_NAME)";
				TEST_HOST = "$(BUILT_PRODUCTS_DIR)/BluetoothConnector.app/BluetoothConnector";
			};
			name = Release;
		};
/* End XCBuildConfiguration section */

/* Begin XCConfigurationList section */
		2C3280101C4FE4A00062FAA2 /* Build configuration list for PBXProject "BluetoothConnector" */ = {
			isa = XCConfigurationList;
			buildConfigurations = (
				2C3280361C4FE4A00062FAA2 /* Debug */,
				2C3280371C4FE4A00062FAA2 /* Release */,
			);
			defaultConfigurationIsVisible = 0;
			defaultConfigurationName = Release;
		};
		2C3280381C4FE4A00062FAA2 /* Build configuration list for PBXNativeTarget "BluetoothConnector" */ = {
			isa = XCConfigurationList;
			buildConfigurations = (
				2C3280391C4FE4A00062FAA2 /* Debug */,
				2C32803A1C4FE4A00062FAA2 /* Release */,
			);
			defaultConfigurationIsVisible = 0;
			defaultConfigurationName = Release;
		};
		2C32803B1C4FE4A00062FAA2 /* Build configuration list for PBXNativeTarget "BluetoothConnectorTests" */ = {
			isa = XCConfigurationList;
			buildConfigurations = (
				2C32803C1C4FE4A00062FAA2 /* Debug */,
				2C32803D1C4FE4A00062FAA2 /* Release */,
			);
			defaultConfigurationIsVisible = 0;
			defaultConfigurationName = Release;
		};
/* End XCConfigurationList section */
	};
	rootObject = 2C32800D1C4FE4A00062FAA2 /* Project object */;
}
